
Microsoft Visual Studio Solution File, Format Version 12.00
# Visual Studio Version 17
VisualStudioVersion = 17.3.32811.315
MinimumVisualStudioVersion = 10.0.40219.1
Project("{FAE04EC0-301F-11D3-BF4B-00C04F79EFBC}") = "GestorDeEstoque", "GestorDeEstoque\GestorDeEstoque.csproj", "{460F194E-A1EA-403A-B05B-2D949977DAEE}"
EndProject
Global
	GlobalSection(SolutionConfigurationPlatforms) = preSolution
		Debug|Any CPU = Debug|Any CPU
		Release|Any CPU = Release|Any CPU
	EndGlobalSection
	GlobalSection(ProjectConfigurationPlatforms) = postSolution
		{460F194E-A1EA-403A-B05B-2D949977DAEE}.Debug|Any CPU.ActiveCfg = Debug|Any CPU
		{460F194E-A1EA-403A-B05B-2D949977DAEE}.Debug|Any CPU.Build.0 = Debug|Any CPU
		{460F194E-A1EA-403A-B05B-2D949977DAEE}.Release|Any CPU.ActiveCfg = Release|Any CPU
		{460F194E-A1EA-403A-B05B-2D949977DAEE}.Release|Any CPU.Build.0 = Release|Any CPU
	EndGlobalSection
	GlobalSection(SolutionProperties) = preSolution
		HideSolutionNode = FALSE
	EndGlobalSection
	GlobalSection(ExtensibilityGlobals) = postSolution
		SolutionGuid = {34DC663F-3FFE-4D40-817F-AF9B2C75F388}
	EndGlobalSection
EndGlobal
